
Microsoft Visual Studio Solution File, Format Version 12.00
# Visual Studio Version 17
VisualStudioVersion = 17.2.32630.192
MinimumVisualStudioVersion = 10.0.40219.1
Project("{2150E333-8FDC-42A3-9474-1A3956D46DE8}") = "FrontEnd", "FrontEnd", "{21EF03AA-7094-4AE4-8C98-327F3C0EE100}"
EndProject
Project("{2150E333-8FDC-42A3-9474-1A3956D46DE8}") = "Services", "Services", "{E3EAD15E-A7EC-49DE-86B8-D5C5EA56B2A6}"
EndProject
Project("{FAE04EC0-301F-11D3-BF4B-00C04F79EFBC}") = "GeekShooping.Web", "GeekShooping.Web\GeekShooping.Web.csproj", "{6C131456-C109-42EB-BA69-A389783A2656}"
EndProject
Global
	GlobalSection(SolutionConfigurationPlatforms) = preSolution
		Debug|Any CPU = Debug|Any CPU
		Release|Any CPU = Release|Any CPU
	EndGlobalSection
	GlobalSection(ProjectConfigurationPlatforms) = postSolution
		{6C131456-C109-42EB-BA69-A389783A2656}.Debug|Any CPU.ActiveCfg = Debug|Any CPU
		{6C131456-C109-42EB-BA69-A389783A2656}.Debug|Any CPU.Build.0 = Debug|Any CPU
		{6C131456-C109-42EB-BA69-A389783A2656}.Release|Any CPU.ActiveCfg = Release|Any CPU
		{6C131456-C109-42EB-BA69-A389783A2656}.Release|Any CPU.Build.0 = Release|Any CPU
	EndGlobalSection
	GlobalSection(SolutionProperties) = preSolution
		HideSolutionNode = FALSE
	EndGlobalSection
	GlobalSection(NestedProjects) = preSolution
		{6C131456-C109-42EB-BA69-A389783A2656} = {21EF03AA-7094-4AE4-8C98-327F3C0EE100}
	EndGlobalSection
	GlobalSection(ExtensibilityGlobals) = postSolution
		SolutionGuid = {55CFDADC-CA01-4D9A-B741-141C4606242D}
	EndGlobalSection
EndGlobal
